
Microsoft Visual Studio Solution File, Format Version 12.00
# Visual Studio 15
VisualStudioVersion = 15.0.28307.1082
MinimumVisualStudioVersion = 10.0.40219.1
Project("{159641D6-6404-4A2A-AE62-294DE0FE8301}") = "Covid_BI_Project", "Covid_BI_Project\Covid_BI_Project.dtproj", "{CA47E139-5375-46B4-8BFF-E035E77317D5}"
EndProject
Global
	GlobalSection(SolutionConfigurationPlatforms) = preSolution
		Development|Default = Development|Default
	EndGlobalSection
	GlobalSection(ProjectConfigurationPlatforms) = postSolution
		{CA47E139-5375-46B4-8BFF-E035E77317D5}.Development|Default.ActiveCfg = Development
		{CA47E139-5375-46B4-8BFF-E035E77317D5}.Development|Default.Build.0 = Development
	EndGlobalSection
	GlobalSection(SolutionProperties) = preSolution
		HideSolutionNode = FALSE
	EndGlobalSection
	GlobalSection(ExtensibilityGlobals) = postSolution
		SolutionGuid = {DF076651-9AEA-41DC-9C61-AD2E58A07666}
	EndGlobalSection
EndGlobal
