
Microsoft Visual Studio Solution File, Format Version 12.00
# Visual Studio 15
VisualStudioVersion = 15.0.28307.1082
MinimumVisualStudioVersion = 10.0.40219.1
Project("{159641D6-6404-4A2A-AE62-294DE0FE8301}") = "Covid_Project3", "Covid_Project3\Covid_Project3.dtproj", "{31A46C8B-9A1A-45B2-9243-8FA17D823C2F}"
EndProject
Global
	GlobalSection(SolutionConfigurationPlatforms) = preSolution
		Development|Default = Development|Default
	EndGlobalSection
	GlobalSection(ProjectConfigurationPlatforms) = postSolution
		{31A46C8B-9A1A-45B2-9243-8FA17D823C2F}.Development|Default.ActiveCfg = Development
		{31A46C8B-9A1A-45B2-9243-8FA17D823C2F}.Development|Default.Build.0 = Development
	EndGlobalSection
	GlobalSection(SolutionProperties) = preSolution
		HideSolutionNode = FALSE
	EndGlobalSection
	GlobalSection(ExtensibilityGlobals) = postSolution
		SolutionGuid = {90F51D79-6689-4E4C-A3D4-89F112A5A10E}
	EndGlobalSection
EndGlobal
